
Microsoft Visual Studio Solution File, Format Version 12.00
# Visual Studio Version 16
VisualStudioVersion = 16.0.33130.400
MinimumVisualStudioVersion = 10.0.40219.1
Project("{9A19103F-16F7-4668-BE54-9A1E7A4F7556}") = "CourseDetails", "CourseDetails\CourseDetails.csproj", "{6669F831-A215-4550-9D8C-2B03056D9F36}"
EndProject
Project("{FAE04EC0-301F-11D3-BF4B-00C04F79EFBC}") = "APIMethodSibi", "APIMethodSibi\APIMethodSibi.csproj", "{4A72BDE2-43E2-4241-AF4E-97FB32580B8F}"
EndProject
Global
	GlobalSection(SolutionConfigurationPlatforms) = preSolution
		Debug|Any CPU = Debug|Any CPU
		Release|Any CPU = Release|Any CPU
	EndGlobalSection
	GlobalSection(ProjectConfigurationPlatforms) = postSolution
		{6669F831-A215-4550-9D8C-2B03056D9F36}.Debug|Any CPU.ActiveCfg = Debug|Any CPU
		{6669F831-A215-4550-9D8C-2B03056D9F36}.Debug|Any CPU.Build.0 = Debug|Any CPU
		{6669F831-A215-4550-9D8C-2B03056D9F36}.Release|Any CPU.ActiveCfg = Release|Any CPU
		{6669F831-A215-4550-9D8C-2B03056D9F36}.Release|Any CPU.Build.0 = Release|Any CPU
		{4A72BDE2-43E2-4241-AF4E-97FB32580B8F}.Debug|Any CPU.ActiveCfg = Debug|Any CPU
		{4A72BDE2-43E2-4241-AF4E-97FB32580B8F}.Debug|Any CPU.Build.0 = Debug|Any CPU
		{4A72BDE2-43E2-4241-AF4E-97FB32580B8F}.Release|Any CPU.ActiveCfg = Release|Any CPU
		{4A72BDE2-43E2-4241-AF4E-97FB32580B8F}.Release|Any CPU.Build.0 = Release|Any CPU
	EndGlobalSection
	GlobalSection(SolutionProperties) = preSolution
		HideSolutionNode = FALSE
	EndGlobalSection
	GlobalSection(ExtensibilityGlobals) = postSolution
		SolutionGuid = {2ECFFA48-AAA2-4C1C-A120-FBDFB14711E5}
	EndGlobalSection
EndGlobal
